
Microsoft Visual Studio Solution File, Format Version 12.00
# Visual Studio 15
VisualStudioVersion = 15.0.28307.136
MinimumVisualStudioVersion = 10.0.40219.1
Project("{FAE04EC0-301F-11D3-BF4B-00C04F79EFBC}") = "WonderMoon.Web", "WonderMoon.Web\WonderMoon.Web.csproj", "{98B5ADCF-1313-4FB8-9DD5-39DB02970277}"
EndProject
Project("{FAE04EC0-301F-11D3-BF4B-00C04F79EFBC}") = "WonderMoon.Tests", "WonderMoon.Tests\WonderMoon.Tests.csproj", "{C4F8401B-9169-4AFB-9E68-6F652F375048}"
EndProject
Project("{FAE04EC0-301F-11D3-BF4B-00C04F79EFBC}") = "Wonder.Infrastructure", "Wonder.Infrastructure\Wonder.Infrastructure.csproj", "{AD99069E-FF6C-43A4-A5A9-BADD39BAA959}"
EndProject
Project("{FAE04EC0-301F-11D3-BF4B-00C04F79EFBC}") = "Wonder.Core", "Wonder.Core\Wonder.Core.csproj", "{4255F94E-67AF-493D-B455-D428B08A1C16}"
EndProject
Global
	GlobalSection(SolutionConfigurationPlatforms) = preSolution
		Debug|Any CPU = Debug|Any CPU
		Release|Any CPU = Release|Any CPU
	EndGlobalSection
	GlobalSection(ProjectConfigurationPlatforms) = postSolution
		{98B5ADCF-1313-4FB8-9DD5-39DB02970277}.Debug|Any CPU.ActiveCfg = Debug|Any CPU
		{98B5ADCF-1313-4FB8-9DD5-39DB02970277}.Debug|Any CPU.Build.0 = Debug|Any CPU
		{98B5ADCF-1313-4FB8-9DD5-39DB02970277}.Release|Any CPU.ActiveCfg = Release|Any CPU
		{98B5ADCF-1313-4FB8-9DD5-39DB02970277}.Release|Any CPU.Build.0 = Release|Any CPU
		{C4F8401B-9169-4AFB-9E68-6F652F375048}.Debug|Any CPU.ActiveCfg = Debug|Any CPU
		{C4F8401B-9169-4AFB-9E68-6F652F375048}.Debug|Any CPU.Build.0 = Debug|Any CPU
		{C4F8401B-9169-4AFB-9E68-6F652F375048}.Release|Any CPU.ActiveCfg = Release|Any CPU
		{C4F8401B-9169-4AFB-9E68-6F652F375048}.Release|Any CPU.Build.0 = Release|Any CPU
		{AD99069E-FF6C-43A4-A5A9-BADD39BAA959}.Debug|Any CPU.ActiveCfg = Debug|Any CPU
		{AD99069E-FF6C-43A4-A5A9-BADD39BAA959}.Debug|Any CPU.Build.0 = Debug|Any CPU
		{AD99069E-FF6C-43A4-A5A9-BADD39BAA959}.Release|Any CPU.ActiveCfg = Release|Any CPU
		{AD99069E-FF6C-43A4-A5A9-BADD39BAA959}.Release|Any CPU.Build.0 = Release|Any CPU
		{4255F94E-67AF-493D-B455-D428B08A1C16}.Debug|Any CPU.ActiveCfg = Debug|Any CPU
		{4255F94E-67AF-493D-B455-D428B08A1C16}.Debug|Any CPU.Build.0 = Debug|Any CPU
		{4255F94E-67AF-493D-B455-D428B08A1C16}.Release|Any CPU.ActiveCfg = Release|Any CPU
		{4255F94E-67AF-493D-B455-D428B08A1C16}.Release|Any CPU.Build.0 = Release|Any CPU
	EndGlobalSection
	GlobalSection(SolutionProperties) = preSolution
		HideSolutionNode = FALSE
	EndGlobalSection
	GlobalSection(ExtensibilityGlobals) = postSolution
		SolutionGuid = {BACDBD93-CDED-4978-B3A8-D4CCBFF3D22E}
	EndGlobalSection
EndGlobal
